
Microsoft Visual Studio Solution File, Format Version 12.00
# Visual Studio Version 17
VisualStudioVersion = 17.5.002.0
MinimumVisualStudioVersion = 10.0.40219.1
Project("{9A19103F-16F7-4668-BE54-9A1E7A4F7556}") = "ICS491_HW2_riverjm", "ICS491_HW2_riverjm.csproj", "{E8FD2949-FB08-450A-8E7E-936022FC8CEF}"
EndProject
Global
	GlobalSection(SolutionConfigurationPlatforms) = preSolution
		Debug|Any CPU = Debug|Any CPU
		Release|Any CPU = Release|Any CPU
	EndGlobalSection
	GlobalSection(ProjectConfigurationPlatforms) = postSolution
		{E8FD2949-FB08-450A-8E7E-936022FC8CEF}.Debug|Any CPU.ActiveCfg = Debug|Any CPU
		{E8FD2949-FB08-450A-8E7E-936022FC8CEF}.Debug|Any CPU.Build.0 = Debug|Any CPU
		{E8FD2949-FB08-450A-8E7E-936022FC8CEF}.Release|Any CPU.ActiveCfg = Release|Any CPU
		{E8FD2949-FB08-450A-8E7E-936022FC8CEF}.Release|Any CPU.Build.0 = Release|Any CPU
	EndGlobalSection
	GlobalSection(SolutionProperties) = preSolution
		HideSolutionNode = FALSE
	EndGlobalSection
	GlobalSection(ExtensibilityGlobals) = postSolution
		SolutionGuid = {A640AE90-9B46-4954-86CA-47A397833A13}
	EndGlobalSection
EndGlobal
